
Microsoft Visual Studio Solution File, Format Version 12.00
# Visual Studio Version 17
VisualStudioVersion = 17.2.32630.192
MinimumVisualStudioVersion = 10.0.40219.1
Project("{9A19103F-16F7-4668-BE54-9A1E7A4F7556}") = "CVSystem", "CVSystem\CVSystem.csproj", "{1D18A933-2EBF-4D46-9C56-0AB2395A0EB9}"
EndProject
Project("{9A19103F-16F7-4668-BE54-9A1E7A4F7556}") = "CV.DAL", "CV.DAL\CV.DAL.csproj", "{67A6F003-3029-4DF9-A585-18396C0B4D95}"
EndProject
Project("{9A19103F-16F7-4668-BE54-9A1E7A4F7556}") = "CV.Service", "CV.Service\CV.Service.csproj", "{9362F857-E4B6-4239-BC40-02640967BC22}"
EndProject
Project("{FAE04EC0-301F-11D3-BF4B-00C04F79EFBC}") = "Domain", "Domain\Domain.csproj", "{7BB3B6F2-1563-416A-B000-1DBA80A950D3}"
EndProject
Global
	GlobalSection(SolutionConfigurationPlatforms) = preSolution
		Debug|Any CPU = Debug|Any CPU
		Release|Any CPU = Release|Any CPU
	EndGlobalSection
	GlobalSection(ProjectConfigurationPlatforms) = postSolution
		{1D18A933-2EBF-4D46-9C56-0AB2395A0EB9}.Debug|Any CPU.ActiveCfg = Debug|Any CPU
		{1D18A933-2EBF-4D46-9C56-0AB2395A0EB9}.Debug|Any CPU.Build.0 = Debug|Any CPU
		{1D18A933-2EBF-4D46-9C56-0AB2395A0EB9}.Release|Any CPU.ActiveCfg = Release|Any CPU
		{1D18A933-2EBF-4D46-9C56-0AB2395A0EB9}.Release|Any CPU.Build.0 = Release|Any CPU
		{67A6F003-3029-4DF9-A585-18396C0B4D95}.Debug|Any CPU.ActiveCfg = Debug|Any CPU
		{67A6F003-3029-4DF9-A585-18396C0B4D95}.Debug|Any CPU.Build.0 = Debug|Any CPU
		{67A6F003-3029-4DF9-A585-18396C0B4D95}.Release|Any CPU.ActiveCfg = Release|Any CPU
		{67A6F003-3029-4DF9-A585-18396C0B4D95}.Release|Any CPU.Build.0 = Release|Any CPU
		{9362F857-E4B6-4239-BC40-02640967BC22}.Debug|Any CPU.ActiveCfg = Debug|Any CPU
		{9362F857-E4B6-4239-BC40-02640967BC22}.Debug|Any CPU.Build.0 = Debug|Any CPU
		{9362F857-E4B6-4239-BC40-02640967BC22}.Release|Any CPU.ActiveCfg = Release|Any CPU
		{9362F857-E4B6-4239-BC40-02640967BC22}.Release|Any CPU.Build.0 = Release|Any CPU
		{7BB3B6F2-1563-416A-B000-1DBA80A950D3}.Debug|Any CPU.ActiveCfg = Debug|Any CPU
		{7BB3B6F2-1563-416A-B000-1DBA80A950D3}.Debug|Any CPU.Build.0 = Debug|Any CPU
		{7BB3B6F2-1563-416A-B000-1DBA80A950D3}.Release|Any CPU.ActiveCfg = Release|Any CPU
		{7BB3B6F2-1563-416A-B000-1DBA80A950D3}.Release|Any CPU.Build.0 = Release|Any CPU
	EndGlobalSection
	GlobalSection(SolutionProperties) = preSolution
		HideSolutionNode = FALSE
	EndGlobalSection
	GlobalSection(ExtensibilityGlobals) = postSolution
		SolutionGuid = {9E8382F8-1107-4652-AC27-FA4B10BDE6EF}
	EndGlobalSection
EndGlobal
